
Microsoft Visual Studio Solution File, Format Version 12.00
# Visual Studio 15
VisualStudioVersion = 15.0.26124.0
MinimumVisualStudioVersion = 15.0.26124.0
Project("{FAE04EC0-301F-11D3-BF4B-00C04F79EFBC}") = "Tests", "Tests\Tests.csproj", "{9EF67512-A523-4836-98E6-8B6AE81978DF}"
EndProject
Project("{2150E333-8FDC-42A3-9474-1A3956D46DE8}") = "External", "External", "{8381B597-183F-449E-9ABD-9D260677511E}"
EndProject
Project("{2150E333-8FDC-42A3-9474-1A3956D46DE8}") = "SDL2.NETCore", "SDL2.NETCore", "{BC52E311-F3DB-4ED5-8A79-054784E585F5}"
EndProject
Project("{FAE04EC0-301F-11D3-BF4B-00C04F79EFBC}") = "SDL2.NETCore", "External\SDL2.NETCore\SDL2\SDL2.NETCore.csproj", "{7E0A77C5-1D15-4B00-BE8E-888F3064919D}"
EndProject
Project("{FAE04EC0-301F-11D3-BF4B-00C04F79EFBC}") = "Imagini.2D", "Imagini.2D\Imagini.2D.csproj", "{7D06F1A3-C2F2-4167-B5B4-92EA285B5073}"
EndProject
Project("{FAE04EC0-301F-11D3-BF4B-00C04F79EFBC}") = "Imagini.Core", "Imagini.Core\Imagini.Core.csproj", "{7AA7E7B0-BCEE-4C96-98BE-8528B1954DF8}"
EndProject
Project("{FAE04EC0-301F-11D3-BF4B-00C04F79EFBC}") = "Imagini.ImageSharp", "Imagini.ImageSharp\Imagini.ImageSharp.csproj", "{B1796D2E-0007-4371-BB55-C12EBD02C421}"
EndProject
Project("{2150E333-8FDC-42A3-9474-1A3956D46DE8}") = "Samples", "Samples", "{D4734B93-245D-4600-98B1-EF6BDE8902C2}"
EndProject
Project("{FAE04EC0-301F-11D3-BF4B-00C04F79EFBC}") = "SurfaceAPI", "Samples\SurfaceAPI\SurfaceAPI.csproj", "{3970DEA3-BA93-4FA5-BF87-C89524651479}"
EndProject
Project("{FAE04EC0-301F-11D3-BF4B-00C04F79EFBC}") = "Imagini.Audio", "Imagini.Audio\Imagini.Audio.csproj", "{7F45FC49-AB11-40FC-8E1C-CF100554755F}"
EndProject
Global
	GlobalSection(SolutionConfigurationPlatforms) = preSolution
		Debug|Any CPU = Debug|Any CPU
		Debug|x64 = Debug|x64
		Debug|x86 = Debug|x86
		Release|Any CPU = Release|Any CPU
		Release|x64 = Release|x64
		Release|x86 = Release|x86
	EndGlobalSection
	GlobalSection(SolutionProperties) = preSolution
		HideSolutionNode = FALSE
	EndGlobalSection
	GlobalSection(ProjectConfigurationPlatforms) = postSolution
		{9EF67512-A523-4836-98E6-8B6AE81978DF}.Debug|Any CPU.ActiveCfg = Debug|Any CPU
		{9EF67512-A523-4836-98E6-8B6AE81978DF}.Debug|Any CPU.Build.0 = Debug|Any CPU
		{9EF67512-A523-4836-98E6-8B6AE81978DF}.Debug|x64.ActiveCfg = Debug|Any CPU
		{9EF67512-A523-4836-98E6-8B6AE81978DF}.Debug|x64.Build.0 = Debug|Any CPU
		{9EF67512-A523-4836-98E6-8B6AE81978DF}.Debug|x86.ActiveCfg = Debug|Any CPU
		{9EF67512-A523-4836-98E6-8B6AE81978DF}.Debug|x86.Build.0 = Debug|Any CPU
		{9EF67512-A523-4836-98E6-8B6AE81978DF}.Release|Any CPU.ActiveCfg = Release|Any CPU
		{9EF67512-A523-4836-98E6-8B6AE81978DF}.Release|Any CPU.Build.0 = Release|Any CPU
		{9EF67512-A523-4836-98E6-8B6AE81978DF}.Release|x64.ActiveCfg = Release|Any CPU
		{9EF67512-A523-4836-98E6-8B6AE81978DF}.Release|x64.Build.0 = Release|Any CPU
		{9EF67512-A523-4836-98E6-8B6AE81978DF}.Release|x86.ActiveCfg = Release|Any CPU
		{9EF67512-A523-4836-98E6-8B6AE81978DF}.Release|x86.Build.0 = Release|Any CPU
		{7E0A77C5-1D15-4B00-BE8E-888F3064919D}.Debug|Any CPU.ActiveCfg = Debug|Any CPU
		{7E0A77C5-1D15-4B00-BE8E-888F3064919D}.Debug|Any CPU.Build.0 = Debug|Any CPU
		{7E0A77C5-1D15-4B00-BE8E-888F3064919D}.Debug|x64.ActiveCfg = Debug|Any CPU
		{7E0A77C5-1D15-4B00-BE8E-888F3064919D}.Debug|x64.Build.0 = Debug|Any CPU
		{7E0A77C5-1D15-4B00-BE8E-888F3064919D}.Debug|x86.ActiveCfg = Debug|Any CPU
		{7E0A77C5-1D15-4B00-BE8E-888F3064919D}.Debug|x86.Build.0 = Debug|Any CPU
		{7E0A77C5-1D15-4B00-BE8E-888F3064919D}.Release|Any CPU.ActiveCfg = Release|Any CPU
		{7E0A77C5-1D15-4B00-BE8E-888F3064919D}.Release|Any CPU.Build.0 = Release|Any CPU
		{7E0A77C5-1D15-4B00-BE8E-888F3064919D}.Release|x64.ActiveCfg = Release|Any CPU
		{7E0A77C5-1D15-4B00-BE8E-888F3064919D}.Release|x64.Build.0 = Release|Any CPU
		{7E0A77C5-1D15-4B00-BE8E-888F3064919D}.Release|x86.ActiveCfg = Release|Any CPU
		{7E0A77C5-1D15-4B00-BE8E-888F3064919D}.Release|x86.Build.0 = Release|Any CPU
		{7D06F1A3-C2F2-4167-B5B4-92EA285B5073}.Debug|Any CPU.ActiveCfg = Debug|Any CPU
		{7D06F1A3-C2F2-4167-B5B4-92EA285B5073}.Debug|Any CPU.Build.0 = Debug|Any CPU
		{7D06F1A3-C2F2-4167-B5B4-92EA285B5073}.Debug|x64.ActiveCfg = Debug|Any CPU
		{7D06F1A3-C2F2-4167-B5B4-92EA285B5073}.Debug|x64.Build.0 = Debug|Any CPU
		{7D06F1A3-C2F2-4167-B5B4-92EA285B5073}.Debug|x86.ActiveCfg = Debug|Any CPU
		{7D06F1A3-C2F2-4167-B5B4-92EA285B5073}.Debug|x86.Build.0 = Debug|Any CPU
		{7D06F1A3-C2F2-4167-B5B4-92EA285B5073}.Release|Any CPU.ActiveCfg = Release|Any CPU
		{7D06F1A3-C2F2-4167-B5B4-92EA285B5073}.Release|Any CPU.Build.0 = Release|Any CPU
		{7D06F1A3-C2F2-4167-B5B4-92EA285B5073}.Release|x64.ActiveCfg = Release|Any CPU
		{7D06F1A3-C2F2-4167-B5B4-92EA285B5073}.Release|x64.Build.0 = Release|Any CPU
		{7D06F1A3-C2F2-4167-B5B4-92EA285B5073}.Release|x86.ActiveCfg = Release|Any CPU
		{7D06F1A3-C2F2-4167-B5B4-92EA285B5073}.Release|x86.Build.0 = Release|Any CPU
		{7AA7E7B0-BCEE-4C96-98BE-8528B1954DF8}.Debug|Any CPU.ActiveCfg = Debug|Any CPU
		{7AA7E7B0-BCEE-4C96-98BE-8528B1954DF8}.Debug|Any CPU.Build.0 = Debug|Any CPU
		{7AA7E7B0-BCEE-4C96-98BE-8528B1954DF8}.Debug|x64.ActiveCfg = Debug|Any CPU
		{7AA7E7B0-BCEE-4C96-98BE-8528B1954DF8}.Debug|x64.Build.0 = Debug|Any CPU
		{7AA7E7B0-BCEE-4C96-98BE-8528B1954DF8}.Debug|x86.ActiveCfg = Debug|Any CPU
		{7AA7E7B0-BCEE-4C96-98BE-8528B1954DF8}.Debug|x86.Build.0 = Debug|Any CPU
		{7AA7E7B0-BCEE-4C96-98BE-8528B1954DF8}.Release|Any CPU.ActiveCfg = Release|Any CPU
		{7AA7E7B0-BCEE-4C96-98BE-8528B1954DF8}.Release|Any CPU.Build.0 = Release|Any CPU
		{7AA7E7B0-BCEE-4C96-98BE-8528B1954DF8}.Release|x64.ActiveCfg = Release|Any CPU
		{7AA7E7B0-BCEE-4C96-98BE-8528B1954DF8}.Release|x64.Build.0 = Release|Any CPU
		{7AA7E7B0-BCEE-4C96-98BE-8528B1954DF8}.Release|x86.ActiveCfg = Release|Any CPU
		{7AA7E7B0-BCEE-4C96-98BE-8528B1954DF8}.Release|x86.Build.0 = Release|Any CPU
		{B1796D2E-0007-4371-BB55-C12EBD02C421}.Debug|Any CPU.ActiveCfg = Debug|Any CPU
		{B1796D2E-0007-4371-BB55-C12EBD02C421}.Debug|Any CPU.Build.0 = Debug|Any CPU
		{B1796D2E-0007-4371-BB55-C12EBD02C421}.Debug|x64.ActiveCfg = Debug|Any CPU
		{B1796D2E-0007-4371-BB55-C12EBD02C421}.Debug|x64.Build.0 = Debug|Any CPU
		{B1796D2E-0007-4371-BB55-C12EBD02C421}.Debug|x86.ActiveCfg = Debug|Any CPU
		{B1796D2E-0007-4371-BB55-C12EBD02C421}.Debug|x86.Build.0 = Debug|Any CPU
		{B1796D2E-0007-4371-BB55-C12EBD02C421}.Release|Any CPU.ActiveCfg = Release|Any CPU
		{B1796D2E-0007-4371-BB55-C12EBD02C421}.Release|Any CPU.Build.0 = Release|Any CPU
		{B1796D2E-0007-4371-BB55-C12EBD02C421}.Release|x64.ActiveCfg = Release|Any CPU
		{B1796D2E-0007-4371-BB55-C12EBD02C421}.Release|x64.Build.0 = Release|Any CPU
		{B1796D2E-0007-4371-BB55-C12EBD02C421}.Release|x86.ActiveCfg = Release|Any CPU
		{B1796D2E-0007-4371-BB55-C12EBD02C421}.Release|x86.Build.0 = Release|Any CPU
		{3970DEA3-BA93-4FA5-BF87-C89524651479}.Debug|Any CPU.ActiveCfg = Debug|Any CPU
		{3970DEA3-BA93-4FA5-BF87-C89524651479}.Debug|Any CPU.Build.0 = Debug|Any CPU
		{3970DEA3-BA93-4FA5-BF87-C89524651479}.Debug|x64.ActiveCfg = Debug|Any CPU
		{3970DEA3-BA93-4FA5-BF87-C89524651479}.Debug|x64.Build.0 = Debug|Any CPU
		{3970DEA3-BA93-4FA5-BF87-C89524651479}.Debug|x86.ActiveCfg = Debug|Any CPU
		{3970DEA3-BA93-4FA5-BF87-C89524651479}.Debug|x86.Build.0 = Debug|Any CPU
		{3970DEA3-BA93-4FA5-BF87-C89524651479}.Release|Any CPU.ActiveCfg = Release|Any CPU
		{3970DEA3-BA93-4FA5-BF87-C89524651479}.Release|Any CPU.Build.0 = Release|Any CPU
		{3970DEA3-BA93-4FA5-BF87-C89524651479}.Release|x64.ActiveCfg = Release|Any CPU
		{3970DEA3-BA93-4FA5-BF87-C89524651479}.Release|x64.Build.0 = Release|Any CPU
		{3970DEA3-BA93-4FA5-BF87-C89524651479}.Release|x86.ActiveCfg = Release|Any CPU
		{3970DEA3-BA93-4FA5-BF87-C89524651479}.Release|x86.Build.0 = Release|Any CPU
		{7F45FC49-AB11-40FC-8E1C-CF100554755F}.Debug|Any CPU.ActiveCfg = Debug|Any CPU
		{7F45FC49-AB11-40FC-8E1C-CF100554755F}.Debug|Any CPU.Build.0 = Debug|Any CPU
		{7F45FC49-AB11-40FC-8E1C-CF100554755F}.Debug|x64.ActiveCfg = Debug|Any CPU
		{7F45FC49-AB11-40FC-8E1C-CF100554755F}.Debug|x64.Build.0 = Debug|Any CPU
		{7F45FC49-AB11-40FC-8E1C-CF100554755F}.Debug|x86.ActiveCfg = Debug|Any CPU
		{7F45FC49-AB11-40FC-8E1C-CF100554755F}.Debug|x86.Build.0 = Debug|Any CPU
		{7F45FC49-AB11-40FC-8E1C-CF100554755F}.Release|Any CPU.ActiveCfg = Release|Any CPU
		{7F45FC49-AB11-40FC-8E1C-CF100554755F}.Release|Any CPU.Build.0 = Release|Any CPU
		{7F45FC49-AB11-40FC-8E1C-CF100554755F}.Release|x64.ActiveCfg = Release|Any CPU
		{7F45FC49-AB11-40FC-8E1C-CF100554755F}.Release|x64.Build.0 = Release|Any CPU
		{7F45FC49-AB11-40FC-8E1C-CF100554755F}.Release|x86.ActiveCfg = Release|Any CPU
		{7F45FC49-AB11-40FC-8E1C-CF100554755F}.Release|x86.Build.0 = Release|Any CPU
	EndGlobalSection
	GlobalSection(NestedProjects) = preSolution
		{BC52E311-F3DB-4ED5-8A79-054784E585F5} = {8381B597-183F-449E-9ABD-9D260677511E}
		{7E0A77C5-1D15-4B00-BE8E-888F3064919D} = {BC52E311-F3DB-4ED5-8A79-054784E585F5}
		{3970DEA3-BA93-4FA5-BF87-C89524651479} = {D4734B93-245D-4600-98B1-EF6BDE8902C2}
	EndGlobalSection
EndGlobal
