
Microsoft Visual Studio Solution File, Format Version 12.00
# Visual Studio 15
VisualStudioVersion = 15.0.26124.0
MinimumVisualStudioVersion = 15.0.26124.0
Project("{FAE04EC0-301F-11D3-BF4B-00C04F79EFBC}") = "Imagini", "Imagini\Imagini.csproj", "{D8E3270D-A620-4085-A5A7-DC490ED3EB94}"
EndProject
Project("{FAE04EC0-301F-11D3-BF4B-00C04F79EFBC}") = "Tests", "Tests\Tests.csproj", "{9EF67512-A523-4836-98E6-8B6AE81978DF}"
EndProject
Project("{2150E333-8FDC-42A3-9474-1A3956D46DE8}") = "External", "External", "{8381B597-183F-449E-9ABD-9D260677511E}"
EndProject
Project("{2150E333-8FDC-42A3-9474-1A3956D46DE8}") = "SDL2.NETCore", "SDL2.NETCore", "{BC52E311-F3DB-4ED5-8A79-054784E585F5}"
EndProject
Project("{FAE04EC0-301F-11D3-BF4B-00C04F79EFBC}") = "SDL2.NETCore", "External\SDL2.NETCore\SDL2\SDL2.NETCore.csproj", "{7E0A77C5-1D15-4B00-BE8E-888F3064919D}"
EndProject
Project("{2150E333-8FDC-42A3-9474-1A3956D46DE8}") = "deps", "deps", "{50172355-AE47-4057-A0E6-A13EAAE677A6}"
EndProject
Project("{2150E333-8FDC-42A3-9474-1A3956D46DE8}") = "nativelibraryloader", "nativelibraryloader", "{F8BC4ECC-C831-48AB-B673-9B180A1C179D}"
EndProject
Project("{FAE04EC0-301F-11D3-BF4B-00C04F79EFBC}") = "NativeLibraryLoader", "External\SDL2.NETCore\deps\nativelibraryloader\NativeLibraryLoader\NativeLibraryLoader.csproj", "{BFE4C37A-7C0D-4ED9-91A9-8CFBF39089FC}"
EndProject
Global
	GlobalSection(SolutionConfigurationPlatforms) = preSolution
		Debug|Any CPU = Debug|Any CPU
		Debug|x64 = Debug|x64
		Debug|x86 = Debug|x86
		Release|Any CPU = Release|Any CPU
		Release|x64 = Release|x64
		Release|x86 = Release|x86
	EndGlobalSection
	GlobalSection(SolutionProperties) = preSolution
		HideSolutionNode = FALSE
	EndGlobalSection
	GlobalSection(ProjectConfigurationPlatforms) = postSolution
		{D8E3270D-A620-4085-A5A7-DC490ED3EB94}.Debug|Any CPU.ActiveCfg = Debug|Any CPU
		{D8E3270D-A620-4085-A5A7-DC490ED3EB94}.Debug|Any CPU.Build.0 = Debug|Any CPU
		{D8E3270D-A620-4085-A5A7-DC490ED3EB94}.Debug|x64.ActiveCfg = Debug|Any CPU
		{D8E3270D-A620-4085-A5A7-DC490ED3EB94}.Debug|x64.Build.0 = Debug|Any CPU
		{D8E3270D-A620-4085-A5A7-DC490ED3EB94}.Debug|x86.ActiveCfg = Debug|Any CPU
		{D8E3270D-A620-4085-A5A7-DC490ED3EB94}.Debug|x86.Build.0 = Debug|Any CPU
		{D8E3270D-A620-4085-A5A7-DC490ED3EB94}.Release|Any CPU.ActiveCfg = Release|Any CPU
		{D8E3270D-A620-4085-A5A7-DC490ED3EB94}.Release|Any CPU.Build.0 = Release|Any CPU
		{D8E3270D-A620-4085-A5A7-DC490ED3EB94}.Release|x64.ActiveCfg = Release|Any CPU
		{D8E3270D-A620-4085-A5A7-DC490ED3EB94}.Release|x64.Build.0 = Release|Any CPU
		{D8E3270D-A620-4085-A5A7-DC490ED3EB94}.Release|x86.ActiveCfg = Release|Any CPU
		{D8E3270D-A620-4085-A5A7-DC490ED3EB94}.Release|x86.Build.0 = Release|Any CPU
		{9EF67512-A523-4836-98E6-8B6AE81978DF}.Debug|Any CPU.ActiveCfg = Debug|Any CPU
		{9EF67512-A523-4836-98E6-8B6AE81978DF}.Debug|Any CPU.Build.0 = Debug|Any CPU
		{9EF67512-A523-4836-98E6-8B6AE81978DF}.Debug|x64.ActiveCfg = Debug|Any CPU
		{9EF67512-A523-4836-98E6-8B6AE81978DF}.Debug|x64.Build.0 = Debug|Any CPU
		{9EF67512-A523-4836-98E6-8B6AE81978DF}.Debug|x86.ActiveCfg = Debug|Any CPU
		{9EF67512-A523-4836-98E6-8B6AE81978DF}.Debug|x86.Build.0 = Debug|Any CPU
		{9EF67512-A523-4836-98E6-8B6AE81978DF}.Release|Any CPU.ActiveCfg = Release|Any CPU
		{9EF67512-A523-4836-98E6-8B6AE81978DF}.Release|Any CPU.Build.0 = Release|Any CPU
		{9EF67512-A523-4836-98E6-8B6AE81978DF}.Release|x64.ActiveCfg = Release|Any CPU
		{9EF67512-A523-4836-98E6-8B6AE81978DF}.Release|x64.Build.0 = Release|Any CPU
		{9EF67512-A523-4836-98E6-8B6AE81978DF}.Release|x86.ActiveCfg = Release|Any CPU
		{9EF67512-A523-4836-98E6-8B6AE81978DF}.Release|x86.Build.0 = Release|Any CPU
		{7E0A77C5-1D15-4B00-BE8E-888F3064919D}.Debug|Any CPU.ActiveCfg = Debug|Any CPU
		{7E0A77C5-1D15-4B00-BE8E-888F3064919D}.Debug|Any CPU.Build.0 = Debug|Any CPU
		{7E0A77C5-1D15-4B00-BE8E-888F3064919D}.Debug|x64.ActiveCfg = Debug|Any CPU
		{7E0A77C5-1D15-4B00-BE8E-888F3064919D}.Debug|x64.Build.0 = Debug|Any CPU
		{7E0A77C5-1D15-4B00-BE8E-888F3064919D}.Debug|x86.ActiveCfg = Debug|Any CPU
		{7E0A77C5-1D15-4B00-BE8E-888F3064919D}.Debug|x86.Build.0 = Debug|Any CPU
		{7E0A77C5-1D15-4B00-BE8E-888F3064919D}.Release|Any CPU.ActiveCfg = Release|Any CPU
		{7E0A77C5-1D15-4B00-BE8E-888F3064919D}.Release|Any CPU.Build.0 = Release|Any CPU
		{7E0A77C5-1D15-4B00-BE8E-888F3064919D}.Release|x64.ActiveCfg = Release|Any CPU
		{7E0A77C5-1D15-4B00-BE8E-888F3064919D}.Release|x64.Build.0 = Release|Any CPU
		{7E0A77C5-1D15-4B00-BE8E-888F3064919D}.Release|x86.ActiveCfg = Release|Any CPU
		{7E0A77C5-1D15-4B00-BE8E-888F3064919D}.Release|x86.Build.0 = Release|Any CPU
		{BFE4C37A-7C0D-4ED9-91A9-8CFBF39089FC}.Debug|Any CPU.ActiveCfg = Debug|Any CPU
		{BFE4C37A-7C0D-4ED9-91A9-8CFBF39089FC}.Debug|Any CPU.Build.0 = Debug|Any CPU
		{BFE4C37A-7C0D-4ED9-91A9-8CFBF39089FC}.Debug|x64.ActiveCfg = Debug|Any CPU
		{BFE4C37A-7C0D-4ED9-91A9-8CFBF39089FC}.Debug|x64.Build.0 = Debug|Any CPU
		{BFE4C37A-7C0D-4ED9-91A9-8CFBF39089FC}.Debug|x86.ActiveCfg = Debug|Any CPU
		{BFE4C37A-7C0D-4ED9-91A9-8CFBF39089FC}.Debug|x86.Build.0 = Debug|Any CPU
		{BFE4C37A-7C0D-4ED9-91A9-8CFBF39089FC}.Release|Any CPU.ActiveCfg = Release|Any CPU
		{BFE4C37A-7C0D-4ED9-91A9-8CFBF39089FC}.Release|Any CPU.Build.0 = Release|Any CPU
		{BFE4C37A-7C0D-4ED9-91A9-8CFBF39089FC}.Release|x64.ActiveCfg = Release|Any CPU
		{BFE4C37A-7C0D-4ED9-91A9-8CFBF39089FC}.Release|x64.Build.0 = Release|Any CPU
		{BFE4C37A-7C0D-4ED9-91A9-8CFBF39089FC}.Release|x86.ActiveCfg = Release|Any CPU
		{BFE4C37A-7C0D-4ED9-91A9-8CFBF39089FC}.Release|x86.Build.0 = Release|Any CPU
	EndGlobalSection
	GlobalSection(NestedProjects) = preSolution
		{BC52E311-F3DB-4ED5-8A79-054784E585F5} = {8381B597-183F-449E-9ABD-9D260677511E}
		{7E0A77C5-1D15-4B00-BE8E-888F3064919D} = {BC52E311-F3DB-4ED5-8A79-054784E585F5}
		{50172355-AE47-4057-A0E6-A13EAAE677A6} = {BC52E311-F3DB-4ED5-8A79-054784E585F5}
		{F8BC4ECC-C831-48AB-B673-9B180A1C179D} = {50172355-AE47-4057-A0E6-A13EAAE677A6}
		{BFE4C37A-7C0D-4ED9-91A9-8CFBF39089FC} = {F8BC4ECC-C831-48AB-B673-9B180A1C179D}
	EndGlobalSection
EndGlobal
